
Microsoft Visual Studio Solution File, Format Version 12.00
# Visual Studio 15
VisualStudioVersion = 15.0.27703.2026
MinimumVisualStudioVersion = 10.0.40219.1
Project("{FAE04EC0-301F-11D3-BF4B-00C04F79EFBC}") = "CRM Playground (.Net)", "CRM Playground (.Net)\CRM Playground (.Net).csproj", "{5D0D64D4-898E-4051-95FA-BA756F919729}"
EndProject
Global
	GlobalSection(SolutionConfigurationPlatforms) = preSolution
		Debug|Any CPU = Debug|Any CPU
		Release|Any CPU = Release|Any CPU
	EndGlobalSection
	GlobalSection(ProjectConfigurationPlatforms) = postSolution
		{5D0D64D4-898E-4051-95FA-BA756F919729}.Debug|Any CPU.ActiveCfg = Debug|Any CPU
		{5D0D64D4-898E-4051-95FA-BA756F919729}.Debug|Any CPU.Build.0 = Debug|Any CPU
		{5D0D64D4-898E-4051-95FA-BA756F919729}.Release|Any CPU.ActiveCfg = Release|Any CPU
		{5D0D64D4-898E-4051-95FA-BA756F919729}.Release|Any CPU.Build.0 = Release|Any CPU
	EndGlobalSection
	GlobalSection(SolutionProperties) = preSolution
		HideSolutionNode = FALSE
	EndGlobalSection
	GlobalSection(ExtensibilityGlobals) = postSolution
		SolutionGuid = {9A8EE88A-F410-40A3-BBF3-692DAAA69FFE}
	EndGlobalSection
EndGlobal
